
Microsoft Visual Studio Solution File, Format Version 12.00
# Visual Studio 15
VisualStudioVersion = 15.0.28307.329
MinimumVisualStudioVersion = 10.0.40219.1
Project("{FAE04EC0-301F-11D3-BF4B-00C04F79EFBC}") = "CalculadoraJuros", "CalculadoraJuros.csproj", "{697E4AC8-1DBD-433D-925F-BD1E8469AF04}"
EndProject
Global
	GlobalSection(SolutionConfigurationPlatforms) = preSolution
		Debug|Any CPU = Debug|Any CPU
		Release|Any CPU = Release|Any CPU
	EndGlobalSection
	GlobalSection(ProjectConfigurationPlatforms) = postSolution
		{697E4AC8-1DBD-433D-925F-BD1E8469AF04}.Debug|Any CPU.ActiveCfg = Debug|Any CPU
		{697E4AC8-1DBD-433D-925F-BD1E8469AF04}.Debug|Any CPU.Build.0 = Debug|Any CPU
		{697E4AC8-1DBD-433D-925F-BD1E8469AF04}.Release|Any CPU.ActiveCfg = Release|Any CPU
		{697E4AC8-1DBD-433D-925F-BD1E8469AF04}.Release|Any CPU.Build.0 = Release|Any CPU
	EndGlobalSection
	GlobalSection(SolutionProperties) = preSolution
		HideSolutionNode = FALSE
	EndGlobalSection
	GlobalSection(ExtensibilityGlobals) = postSolution
		SolutionGuid = {4D87B059-BDD6-4DDB-9FDA-6C3A0B91C30C}
	EndGlobalSection
EndGlobal
